
Microsoft Visual Studio Solution File, Format Version 11.00
# Visual Studio 2010
Project("{8BC9CEB8-8B4A-11D0-8D11-00A0C91BC942}") = "SPFA (BETTER VERSION OF BELLMAN FORD)", "SPFA (BETTER VERSION OF BELLMAN FORD)\SPFA (BETTER VERSION OF BELLMAN FORD).vcxproj", "{EDD4E40C-829C-4A5A-A23C-0713D0CCA6FA}"
EndProject
Global
	GlobalSection(SolutionConfigurationPlatforms) = preSolution
		Debug|Win32 = Debug|Win32
		Release|Win32 = Release|Win32
	EndGlobalSection
	GlobalSection(ProjectConfigurationPlatforms) = postSolution
		{EDD4E40C-829C-4A5A-A23C-0713D0CCA6FA}.Debug|Win32.ActiveCfg = Debug|Win32
		{EDD4E40C-829C-4A5A-A23C-0713D0CCA6FA}.Debug|Win32.Build.0 = Debug|Win32
		{EDD4E40C-829C-4A5A-A23C-0713D0CCA6FA}.Release|Win32.ActiveCfg = Release|Win32
		{EDD4E40C-829C-4A5A-A23C-0713D0CCA6FA}.Release|Win32.Build.0 = Release|Win32
	EndGlobalSection
	GlobalSection(SolutionProperties) = preSolution
		HideSolutionNode = FALSE
	EndGlobalSection
EndGlobal
